
Microsoft Visual Studio Solution File, Format Version 12.00
# Visual Studio Version 17
VisualStudioVersion = 17.7.34031.279
MinimumVisualStudioVersion = 10.0.40219.1
Project("{FAE04EC0-301F-11D3-BF4B-00C04F79EFBC}") = "Tarea1-P.A.W-03101", "Tarea1-P.A.W-03101\Tarea1-P.A.W-03101.csproj", "{56B28841-69F7-4A3F-AAE6-73F05F7CCFAD}"
EndProject
Global
	GlobalSection(SolutionConfigurationPlatforms) = preSolution
		Debug|Any CPU = Debug|Any CPU
		Release|Any CPU = Release|Any CPU
	EndGlobalSection
	GlobalSection(ProjectConfigurationPlatforms) = postSolution
		{56B28841-69F7-4A3F-AAE6-73F05F7CCFAD}.Debug|Any CPU.ActiveCfg = Debug|Any CPU
		{56B28841-69F7-4A3F-AAE6-73F05F7CCFAD}.Debug|Any CPU.Build.0 = Debug|Any CPU
		{56B28841-69F7-4A3F-AAE6-73F05F7CCFAD}.Release|Any CPU.ActiveCfg = Release|Any CPU
		{56B28841-69F7-4A3F-AAE6-73F05F7CCFAD}.Release|Any CPU.Build.0 = Release|Any CPU
	EndGlobalSection
	GlobalSection(SolutionProperties) = preSolution
		HideSolutionNode = FALSE
	EndGlobalSection
	GlobalSection(ExtensibilityGlobals) = postSolution
		SolutionGuid = {4069EF7A-9542-4737-AAE2-C8F57A2A491A}
	EndGlobalSection
EndGlobal
